
Microsoft Visual Studio Solution File, Format Version 12.00
# Visual Studio Version 16
VisualStudioVersion = 16.0.31911.196
MinimumVisualStudioVersion = 10.0.40219.1
Project("{FAE04EC0-301F-11D3-BF4B-00C04F79EFBC}") = "Vidly", "Vidly.csproj", "{905E9224-0CE3-4272-9686-FB3B84A90B6F}"
EndProject
Global
	GlobalSection(SolutionConfigurationPlatforms) = preSolution
		Debug|Any CPU = Debug|Any CPU
		Release|Any CPU = Release|Any CPU
	EndGlobalSection
	GlobalSection(ProjectConfigurationPlatforms) = postSolution
		{905E9224-0CE3-4272-9686-FB3B84A90B6F}.Debug|Any CPU.ActiveCfg = Debug|Any CPU
		{905E9224-0CE3-4272-9686-FB3B84A90B6F}.Debug|Any CPU.Build.0 = Debug|Any CPU
		{905E9224-0CE3-4272-9686-FB3B84A90B6F}.Release|Any CPU.ActiveCfg = Release|Any CPU
		{905E9224-0CE3-4272-9686-FB3B84A90B6F}.Release|Any CPU.Build.0 = Release|Any CPU
	EndGlobalSection
	GlobalSection(SolutionProperties) = preSolution
		HideSolutionNode = FALSE
	EndGlobalSection
	GlobalSection(ExtensibilityGlobals) = postSolution
		SolutionGuid = {9AB8F3FF-5B8B-4B17-99BE-AE7121C8A6D0}
	EndGlobalSection
EndGlobal
